
Microsoft Visual Studio Solution File, Format Version 12.00
# Visual Studio Version 17
VisualStudioVersion = 17.0.31903.59
MinimumVisualStudioVersion = 10.0.40219.1
Project("{FAE04EC0-301F-11D3-BF4B-00C04F79EFBC}") = "API", "API\API.csproj", "{B949312B-CF6A-47C2-926A-BF594EF9DC05}"
EndProject
Project("{FAE04EC0-301F-11D3-BF4B-00C04F79EFBC}") = "Application", "Application\Application.csproj", "{943DD4DA-0B0D-427E-A5DC-055CCC9EEAFB}"
EndProject
Project("{FAE04EC0-301F-11D3-BF4B-00C04F79EFBC}") = "Domain", "Domain\Domain.csproj", "{91DA4227-F242-4556-9F33-D7D28292865A}"
EndProject
Project("{FAE04EC0-301F-11D3-BF4B-00C04F79EFBC}") = "Persistence", "Persistence\Persistence.csproj", "{01CD258A-FCD1-489A-8BC5-757D3EAD4742}"
EndProject
Global
	GlobalSection(SolutionConfigurationPlatforms) = preSolution
		Debug|Any CPU = Debug|Any CPU
		Release|Any CPU = Release|Any CPU
	EndGlobalSection
	GlobalSection(SolutionProperties) = preSolution
		HideSolutionNode = FALSE
	EndGlobalSection
	GlobalSection(ProjectConfigurationPlatforms) = postSolution
		{B949312B-CF6A-47C2-926A-BF594EF9DC05}.Debug|Any CPU.ActiveCfg = Debug|Any CPU
		{B949312B-CF6A-47C2-926A-BF594EF9DC05}.Debug|Any CPU.Build.0 = Debug|Any CPU
		{B949312B-CF6A-47C2-926A-BF594EF9DC05}.Release|Any CPU.ActiveCfg = Release|Any CPU
		{B949312B-CF6A-47C2-926A-BF594EF9DC05}.Release|Any CPU.Build.0 = Release|Any CPU
		{943DD4DA-0B0D-427E-A5DC-055CCC9EEAFB}.Debug|Any CPU.ActiveCfg = Debug|Any CPU
		{943DD4DA-0B0D-427E-A5DC-055CCC9EEAFB}.Debug|Any CPU.Build.0 = Debug|Any CPU
		{943DD4DA-0B0D-427E-A5DC-055CCC9EEAFB}.Release|Any CPU.ActiveCfg = Release|Any CPU
		{943DD4DA-0B0D-427E-A5DC-055CCC9EEAFB}.Release|Any CPU.Build.0 = Release|Any CPU
		{91DA4227-F242-4556-9F33-D7D28292865A}.Debug|Any CPU.ActiveCfg = Debug|Any CPU
		{91DA4227-F242-4556-9F33-D7D28292865A}.Debug|Any CPU.Build.0 = Debug|Any CPU
		{91DA4227-F242-4556-9F33-D7D28292865A}.Release|Any CPU.ActiveCfg = Release|Any CPU
		{91DA4227-F242-4556-9F33-D7D28292865A}.Release|Any CPU.Build.0 = Release|Any CPU
		{01CD258A-FCD1-489A-8BC5-757D3EAD4742}.Debug|Any CPU.ActiveCfg = Debug|Any CPU
		{01CD258A-FCD1-489A-8BC5-757D3EAD4742}.Debug|Any CPU.Build.0 = Debug|Any CPU
		{01CD258A-FCD1-489A-8BC5-757D3EAD4742}.Release|Any CPU.ActiveCfg = Release|Any CPU
		{01CD258A-FCD1-489A-8BC5-757D3EAD4742}.Release|Any CPU.Build.0 = Release|Any CPU
	EndGlobalSection
EndGlobal
